// !$*UTF8*$!
{
	archiveVersion = 1;
	classes = {
	};
	objectVersion = 50;
	objects = {

/* Begin PBXBuildFile section */
		BDEF914524EC3DE400AF8F49 /* AppDelegate.swift in Sources */ = {isa = PBXBuildFile; fileRef = BDEF914424EC3DE400AF8F49 /* AppDelegate.swift */; };
		BDEF914724EC3DE400AF8F49 /* SceneDelegate.swift in Sources */ = {isa = PBXBuildFile; fileRef = BDEF914624EC3DE400AF8F49 /* SceneDelegate.swift */; };
		BDEF914924EC3DE400AF8F49 /* ListingsViewController.swift in Sources */ = {isa = PBXBuildFile; fileRef = BDEF914824EC3DE400AF8F49 /* ListingsViewController.swift */; };
		BDEF914C24EC3DE400AF8F49 /* Main.storyboard in Resources */ = {isa = PBXBuildFile; fileRef = BDEF914A24EC3DE400AF8F49 /* Main.storyboard */; };
		BDEF914E24EC3DE700AF8F49 /* Assets.xcassets in Resources */ = {isa = PBXBuildFile; fileRef = BDEF914D24EC3DE700AF8F49 /* Assets.xcassets */; };
		BDEF915124EC3DE700AF8F49 /* LaunchScreen.storyboard in Resources */ = {isa = PBXBuildFile; fileRef = BDEF914F24EC3DE700AF8F49 /* LaunchScreen.storyboard */; };
		BDEF916124EC3EFF00AF8F49 /* Networking.h in Headers */ = {isa = PBXBuildFile; fileRef = BDEF915F24EC3EFE00AF8F49 /* Networking.h */; settings = {ATTRIBUTES = (Public, ); }; };
		BDEF916424EC3EFF00AF8F49 /* Networking.framework in Frameworks */ = {isa = PBXBuildFile; fileRef = BDEF915D24EC3EFE00AF8F49 /* Networking.framework */; };
		BDEF916524EC3EFF00AF8F49 /* Networking.framework in Embed Frameworks */ = {isa = PBXBuildFile; fileRef = BDEF915D24EC3EFE00AF8F49 /* Networking.framework */; settings = {ATTRIBUTES = (CodeSignOnCopy, RemoveHeadersOnCopy, ); }; };
		BDEF916C24EC3F8100AF8F49 /* Endpoint.swift in Sources */ = {isa = PBXBuildFile; fileRef = BDEF916B24EC3F8100AF8F49 /* Endpoint.swift */; };
		BDEF916E24EC415900AF8F49 /* NetworkRouter.swift in Sources */ = {isa = PBXBuildFile; fileRef = BDEF916D24EC415900AF8F49 /* NetworkRouter.swift */; };
		BDEF917024EC424000AF8F49 /* CarfaxRouter.swift in Sources */ = {isa = PBXBuildFile; fileRef = BDEF916F24EC424000AF8F49 /* CarfaxRouter.swift */; };
		BDEF917224EC42C600AF8F49 /* URLParameterEncoder.swift in Sources */ = {isa = PBXBuildFile; fileRef = BDEF917124EC42C600AF8F49 /* URLParameterEncoder.swift */; };
		BDEF917424EC430700AF8F49 /* AppError.swift in Sources */ = {isa = PBXBuildFile; fileRef = BDEF917324EC430700AF8F49 /* AppError.swift */; };
		BDEF917624EC436500AF8F49 /* JSONParameterEncoder.swift in Sources */ = {isa = PBXBuildFile; fileRef = BDEF917524EC436500AF8F49 /* JSONParameterEncoder.swift */; };
		BDEF918324EC4B3300AF8F49 /* ListingsApi.swift in Sources */ = {isa = PBXBuildFile; fileRef = BDEF918224EC4B3300AF8F49 /* ListingsApi.swift */; };
		BDEF918624EC4B7F00AF8F49 /* APIManager.swift in Sources */ = {isa = PBXBuildFile; fileRef = BDEF918524EC4B7F00AF8F49 /* APIManager.swift */; };
		BDEF918924EC4C4800AF8F49 /* Data+Extension.swift in Sources */ = {isa = PBXBuildFile; fileRef = BDEF918824EC4C4800AF8F49 /* Data+Extension.swift */; };
		BDEF918C24EC4E9600AF8F49 /* CarfaxList.swift in Sources */ = {isa = PBXBuildFile; fileRef = BDEF918B24EC4E9600AF8F49 /* CarfaxList.swift */; };
		BDEF918E24EC4ECD00AF8F49 /* VehicleDetail.swift in Sources */ = {isa = PBXBuildFile; fileRef = BDEF918D24EC4ECD00AF8F49 /* VehicleDetail.swift */; };
		BDEF919124EC529000AF8F49 /* DataDecoder.swift in Sources */ = {isa = PBXBuildFile; fileRef = BDEF919024EC529000AF8F49 /* DataDecoder.swift */; };
		BDEF919324EC561600AF8F49 /* VehicleListViewModel.swift in Sources */ = {isa = PBXBuildFile; fileRef = BDEF919224EC561600AF8F49 /* VehicleListViewModel.swift */; };
		BDEF919624EC5F3C00AF8F49 /* VehicleListCell.swift in Sources */ = {isa = PBXBuildFile; fileRef = BDEF919524EC5F3C00AF8F49 /* VehicleListCell.swift */; };
		BDEF919924EC628A00AF8F49 /* UIViewController+Extension.swift in Sources */ = {isa = PBXBuildFile; fileRef = BDEF919824EC628A00AF8F49 /* UIViewController+Extension.swift */; };
		BDEF919B24EC62CA00AF8F49 /* LoadingViewController.swift in Sources */ = {isa = PBXBuildFile; fileRef = BDEF919A24EC62CA00AF8F49 /* LoadingViewController.swift */; };
		BDEF919D24EC62E800AF8F49 /* UIColor+Extension.swift in Sources */ = {isa = PBXBuildFile; fileRef = BDEF919C24EC62E800AF8F49 /* UIColor+Extension.swift */; };
		BDEF919F24EC638200AF8F49 /* UIFont+Extension.swift in Sources */ = {isa = PBXBuildFile; fileRef = BDEF919E24EC638200AF8F49 /* UIFont+Extension.swift */; };
/* End PBXBuildFile section */

/* Begin PBXContainerItemProxy section */
		BDEF916224EC3EFF00AF8F49 /* PBXContainerItemProxy */ = {
			isa = PBXContainerItemProxy;
			containerPortal = BDEF913924EC3DE400AF8F49 /* Project object */;
			proxyType = 1;
			remoteGlobalIDString = BDEF915C24EC3EFE00AF8F49;
			remoteInfo = Networking;
		};
/* End PBXContainerItemProxy section */

/* Begin PBXCopyFilesBuildPhase section */
		BDEF916924EC3EFF00AF8F49 /* Embed Frameworks */ = {
			isa = PBXCopyFilesBuildPhase;
			buildActionMask = 2147483647;
			dstPath = "";
			dstSubfolderSpec = 10;
			files = (
				BDEF916524EC3EFF00AF8F49 /* Networking.framework in Embed Frameworks */,
			);
			name = "Embed Frameworks";
			runOnlyForDeploymentPostprocessing = 0;
		};
/* End PBXCopyFilesBuildPhase section */

/* Begin PBXFileReference section */
		BDEF914124EC3DE400AF8F49 /* CARFAX_Test.app */ = {isa = PBXFileReference; explicitFileType = wrapper.application; includeInIndex = 0; path = CARFAX_Test.app; sourceTree = BUILT_PRODUCTS_DIR; };
		BDEF914424EC3DE400AF8F49 /* AppDelegate.swift */ = {isa = PBXFileReference; lastKnownFileType = sourcecode.swift; path = AppDelegate.swift; sourceTree = "<group>"; };
		BDEF914624EC3DE400AF8F49 /* SceneDelegate.swift */ = {isa = PBXFileReference; lastKnownFileType = sourcecode.swift; path = SceneDelegate.swift; sourceTree = "<group>"; };
		BDEF914824EC3DE400AF8F49 /* ListingsViewController.swift */ = {isa = PBXFileReference; lastKnownFileType = sourcecode.swift; path = ListingsViewController.swift; sourceTree = "<group>"; };
		BDEF914B24EC3DE400AF8F49 /* Base */ = {isa = PBXFileReference; lastKnownFileType = file.storyboard; name = Base; path = Base.lproj/Main.storyboard; sourceTree = "<group>"; };
		BDEF914D24EC3DE700AF8F49 /* Assets.xcassets */ = {isa = PBXFileReference; lastKnownFileType = folder.assetcatalog; path = Assets.xcassets; sourceTree = "<group>"; };
		BDEF915024EC3DE700AF8F49 /* Base */ = {isa = PBXFileReference; lastKnownFileType = file.storyboard; name = Base; path = Base.lproj/LaunchScreen.storyboard; sourceTree = "<group>"; };
		BDEF915224EC3DE700AF8F49 /* Info.plist */ = {isa = PBXFileReference; lastKnownFileType = text.plist.xml; path = Info.plist; sourceTree = "<group>"; };
		BDEF915D24EC3EFE00AF8F49 /* Networking.framework */ = {isa = PBXFileReference; explicitFileType = wrapper.framework; includeInIndex = 0; path = Networking.framework; sourceTree = BUILT_PRODUCTS_DIR; };
		BDEF915F24EC3EFE00AF8F49 /* Networking.h */ = {isa = PBXFileReference; lastKnownFileType = sourcecode.c.h; path = Networking.h; sourceTree = "<group>"; };
		BDEF916024EC3EFE00AF8F49 /* Info.plist */ = {isa = PBXFileReference; lastKnownFileType = text.plist.xml; path = Info.plist; sourceTree = "<group>"; };
		BDEF916B24EC3F8100AF8F49 /* Endpoint.swift */ = {isa = PBXFileReference; lastKnownFileType = sourcecode.swift; path = Endpoint.swift; sourceTree = "<group>"; };
		BDEF916D24EC415900AF8F49 /* NetworkRouter.swift */ = {isa = PBXFileReference; lastKnownFileType = sourcecode.swift; path = NetworkRouter.swift; sourceTree = "<group>"; };
		BDEF916F24EC424000AF8F49 /* CarfaxRouter.swift */ = {isa = PBXFileReference; lastKnownFileType = sourcecode.swift; path = CarfaxRouter.swift; sourceTree = "<group>"; };
		BDEF917124EC42C600AF8F49 /* URLParameterEncoder.swift */ = {isa = PBXFileReference; lastKnownFileType = sourcecode.swift; path = URLParameterEncoder.swift; sourceTree = "<group>"; };
		BDEF917324EC430700AF8F49 /* AppError.swift */ = {isa = PBXFileReference; lastKnownFileType = sourcecode.swift; path = AppError.swift; sourceTree = "<group>"; };
		BDEF917524EC436500AF8F49 /* JSONParameterEncoder.swift */ = {isa = PBXFileReference; lastKnownFileType = sourcecode.swift; path = JSONParameterEncoder.swift; sourceTree = "<group>"; };
		BDEF918224EC4B3300AF8F49 /* ListingsApi.swift */ = {isa = PBXFileReference; lastKnownFileType = sourcecode.swift; path = ListingsApi.swift; sourceTree = "<group>"; };
		BDEF918524EC4B7F00AF8F49 /* APIManager.swift */ = {isa = PBXFileReference; lastKnownFileType = sourcecode.swift; path = APIManager.swift; sourceTree = "<group>"; };
		BDEF918824EC4C4800AF8F49 /* Data+Extension.swift */ = {isa = PBXFileReference; lastKnownFileType = sourcecode.swift; path = "Data+Extension.swift"; sourceTree = "<group>"; };
		BDEF918B24EC4E9600AF8F49 /* CarfaxList.swift */ = {isa = PBXFileReference; lastKnownFileType = sourcecode.swift; path = CarfaxList.swift; sourceTree = "<group>"; };
		BDEF918D24EC4ECD00AF8F49 /* VehicleDetail.swift */ = {isa = PBXFileReference; lastKnownFileType = sourcecode.swift; path = VehicleDetail.swift; sourceTree = "<group>"; };
		BDEF919024EC529000AF8F49 /* DataDecoder.swift */ = {isa = PBXFileReference; lastKnownFileType = sourcecode.swift; path = DataDecoder.swift; sourceTree = "<group>"; };
		BDEF919224EC561600AF8F49 /* VehicleListViewModel.swift */ = {isa = PBXFileReference; lastKnownFileType = sourcecode.swift; path = VehicleListViewModel.swift; sourceTree = "<group>"; };
		BDEF919524EC5F3C00AF8F49 /* VehicleListCell.swift */ = {isa = PBXFileReference; lastKnownFileType = sourcecode.swift; path = VehicleListCell.swift; sourceTree = "<group>"; };
		BDEF919824EC628A00AF8F49 /* UIViewController+Extension.swift */ = {isa = PBXFileReference; lastKnownFileType = sourcecode.swift; path = "UIViewController+Extension.swift"; sourceTree = "<group>"; };
		BDEF919A24EC62CA00AF8F49 /* LoadingViewController.swift */ = {isa = PBXFileReference; lastKnownFileType = sourcecode.swift; path = LoadingViewController.swift; sourceTree = "<group>"; };
		BDEF919C24EC62E800AF8F49 /* UIColor+Extension.swift */ = {isa = PBXFileReference; lastKnownFileType = sourcecode.swift; path = "UIColor+Extension.swift"; sourceTree = "<group>"; };
		BDEF919E24EC638200AF8F49 /* UIFont+Extension.swift */ = {isa = PBXFileReference; lastKnownFileType = sourcecode.swift; path = "UIFont+Extension.swift"; sourceTree = "<group>"; };
/* End PBXFileReference section */

/* Begin PBXFrameworksBuildPhase section */
		BDEF913E24EC3DE400AF8F49 /* Frameworks */ = {
			isa = PBXFrameworksBuildPhase;
			buildActionMask = 2147483647;
			files = (
				BDEF916424EC3EFF00AF8F49 /* Networking.framework in Frameworks */,
			);
			runOnlyForDeploymentPostprocessing = 0;
		};
		BDEF915A24EC3EFE00AF8F49 /* Frameworks */ = {
			isa = PBXFrameworksBuildPhase;
			buildActionMask = 2147483647;
			files = (
			);
			runOnlyForDeploymentPostprocessing = 0;
		};
/* End PBXFrameworksBuildPhase section */

/* Begin PBXGroup section */
		BDEF913824EC3DE400AF8F49 = {
			isa = PBXGroup;
			children = (
				BDEF914324EC3DE400AF8F49 /* CARFAX_Test */,
				BDEF915E24EC3EFE00AF8F49 /* Networking */,
				BDEF914224EC3DE400AF8F49 /* Products */,
			);
			sourceTree = "<group>";
		};
		BDEF914224EC3DE400AF8F49 /* Products */ = {
			isa = PBXGroup;
			children = (
				BDEF914124EC3DE400AF8F49 /* CARFAX_Test.app */,
				BDEF915D24EC3EFE00AF8F49 /* Networking.framework */,
			);
			name = Products;
			sourceTree = "<group>";
		};
		BDEF914324EC3DE400AF8F49 /* CARFAX_Test */ = {
			isa = PBXGroup;
			children = (
				BDEF917E24EC4A9B00AF8F49 /* Core */,
				BDEF918424EC4B6600AF8F49 /* NetworkManager */,
				BDEF917F24EC4AC000AF8F49 /* Listings */,
				BDEF918724EC4C3200AF8F49 /* Extensions */,
				BDEF919724EC626200AF8F49 /* Custom Views */,
				BDEF918F24EC528200AF8F49 /* Decoder */,
				BDEF914A24EC3DE400AF8F49 /* Main.storyboard */,
				BDEF914D24EC3DE700AF8F49 /* Assets.xcassets */,
				BDEF914F24EC3DE700AF8F49 /* LaunchScreen.storyboard */,
				BDEF915224EC3DE700AF8F49 /* Info.plist */,
			);
			path = CARFAX_Test;
			sourceTree = "<group>";
		};
		BDEF915E24EC3EFE00AF8F49 /* Networking */ = {
			isa = PBXGroup;
			children = (
				BDEF915F24EC3EFE00AF8F49 /* Networking.h */,
				BDEF916024EC3EFE00AF8F49 /* Info.plist */,
				BDEF916A24EC3F4600AF8F49 /* Network Layer */,
			);
			path = Networking;
			sourceTree = "<group>";
		};
		BDEF916A24EC3F4600AF8F49 /* Network Layer */ = {
			isa = PBXGroup;
			children = (
				BDEF916B24EC3F8100AF8F49 /* Endpoint.swift */,
				BDEF916D24EC415900AF8F49 /* NetworkRouter.swift */,
				BDEF917124EC42C600AF8F49 /* URLParameterEncoder.swift */,
				BDEF917524EC436500AF8F49 /* JSONParameterEncoder.swift */,
				BDEF916F24EC424000AF8F49 /* CarfaxRouter.swift */,
				BDEF917324EC430700AF8F49 /* AppError.swift */,
			);
			path = "Network Layer";
			sourceTree = "<group>";
		};
		BDEF917E24EC4A9B00AF8F49 /* Core */ = {
			isa = PBXGroup;
			children = (
				BDEF914424EC3DE400AF8F49 /* AppDelegate.swift */,
				BDEF914624EC3DE400AF8F49 /* SceneDelegate.swift */,
			);
			path = Core;
			sourceTree = "<group>";
		};
		BDEF917F24EC4AC000AF8F49 /* Listings */ = {
			isa = PBXGroup;
			children = (
				BDEF918124EC4B2000AF8F49 /* Api */,
				BDEF918A24EC4D8800AF8F49 /* Model */,
				BDEF919424EC5F2C00AF8F49 /* Cells */,
				BDEF918024EC4B1600AF8F49 /* Controller */,
			);
			path = Listings;
			sourceTree = "<group>";
		};
		BDEF918024EC4B1600AF8F49 /* Controller */ = {
			isa = PBXGroup;
			children = (
				BDEF914824EC3DE400AF8F49 /* ListingsViewController.swift */,
			);
			path = Controller;
			sourceTree = "<group>";
		};
		BDEF918124EC4B2000AF8F49 /* Api */ = {
			isa = PBXGroup;
			children = (
				BDEF918224EC4B3300AF8F49 /* ListingsApi.swift */,
			);
			path = Api;
			sourceTree = "<group>";
		};
		BDEF918424EC4B6600AF8F49 /* NetworkManager */ = {
			isa = PBXGroup;
			children = (
				BDEF918524EC4B7F00AF8F49 /* APIManager.swift */,
			);
			path = NetworkManager;
			sourceTree = "<group>";
		};
		BDEF918724EC4C3200AF8F49 /* Extensions */ = {
			isa = PBXGroup;
			children = (
				BDEF918824EC4C4800AF8F49 /* Data+Extension.swift */,
				BDEF919824EC628A00AF8F49 /* UIViewController+Extension.swift */,
				BDEF919C24EC62E800AF8F49 /* UIColor+Extension.swift */,
				BDEF919E24EC638200AF8F49 /* UIFont+Extension.swift */,
			);
			path = Extensions;
			sourceTree = "<group>";
		};
		BDEF918A24EC4D8800AF8F49 /* Model */ = {
			isa = PBXGroup;
			children = (
				BDEF918B24EC4E9600AF8F49 /* CarfaxList.swift */,
				BDEF918D24EC4ECD00AF8F49 /* VehicleDetail.swift */,
				BDEF919224EC561600AF8F49 /* VehicleListViewModel.swift */,
			);
			path = Model;
			sourceTree = "<group>";
		};
		BDEF918F24EC528200AF8F49 /* Decoder */ = {
			isa = PBXGroup;
			children = (
				BDEF919024EC529000AF8F49 /* DataDecoder.swift */,
			);
			path = Decoder;
			sourceTree = "<group>";
		};
		BDEF919424EC5F2C00AF8F49 /* Cells */ = {
			isa = PBXGroup;
			children = (
				BDEF919524EC5F3C00AF8F49 /* VehicleListCell.swift */,
			);
			path = Cells;
			sourceTree = "<group>";
		};
		BDEF919724EC626200AF8F49 /* Custom Views */ = {
			isa = PBXGroup;
			children = (
				BDEF919A24EC62CA00AF8F49 /* LoadingViewController.swift */,
			);
			path = "Custom Views";
			sourceTree = "<group>";
		};
/* End PBXGroup section */

/* Begin PBXHeadersBuildPhase section */
		BDEF915824EC3EFE00AF8F49 /* Headers */ = {
			isa = PBXHeadersBuildPhase;
			buildActionMask = 2147483647;
			files = (
				BDEF916124EC3EFF00AF8F49 /* Networking.h in Headers */,
			);
			runOnlyForDeploymentPostprocessing = 0;
		};
/* End PBXHeadersBuildPhase section */

/* Begin PBXNativeTarget section */
		BDEF914024EC3DE400AF8F49 /* CARFAX_Test */ = {
			isa = PBXNativeTarget;
			buildConfigurationList = BDEF915524EC3DE700AF8F49 /* Build configuration list for PBXNativeTarget "CARFAX_Test" */;
			buildPhases = (
				BDEF913D24EC3DE400AF8F49 /* Sources */,
				BDEF913E24EC3DE400AF8F49 /* Frameworks */,
				BDEF913F24EC3DE400AF8F49 /* Resources */,
				BDEF916924EC3EFF00AF8F49 /* Embed Frameworks */,
			);
			buildRules = (
			);
			dependencies = (
				BDEF916324EC3EFF00AF8F49 /* PBXTargetDependency */,
			);
			name = CARFAX_Test;
			productName = CARFAX_Test;
			productReference = BDEF914124EC3DE400AF8F49 /* CARFAX_Test.app */;
			productType = "com.apple.product-type.application";
		};
		BDEF915C24EC3EFE00AF8F49 /* Networking */ = {
			isa = PBXNativeTarget;
			buildConfigurationList = BDEF916624EC3EFF00AF8F49 /* Build configuration list for PBXNativeTarget "Networking" */;
			buildPhases = (
				BDEF915824EC3EFE00AF8F49 /* Headers */,
				BDEF915924EC3EFE00AF8F49 /* Sources */,
				BDEF915A24EC3EFE00AF8F49 /* Frameworks */,
				BDEF915B24EC3EFE00AF8F49 /* Resources */,
			);
			buildRules = (
			);
			dependencies = (
			);
			name = Networking;
			productName = Networking;
			productReference = BDEF915D24EC3EFE00AF8F49 /* Networking.framework */;
			productType = "com.apple.product-type.framework";
		};
/* End PBXNativeTarget section */

/* Begin PBXProject section */
		BDEF913924EC3DE400AF8F49 /* Project object */ = {
			isa = PBXProject;
			attributes = {
				LastSwiftUpdateCheck = 1160;
				LastUpgradeCheck = 1160;
				ORGANIZATIONNAME = "Viswa Kodela";
				TargetAttributes = {
					BDEF914024EC3DE400AF8F49 = {
						CreatedOnToolsVersion = 11.6;
					};
					BDEF915C24EC3EFE00AF8F49 = {
						CreatedOnToolsVersion = 11.6;
						LastSwiftMigration = 1160;
					};
				};
			};
			buildConfigurationList = BDEF913C24EC3DE400AF8F49 /* Build configuration list for PBXProject "CARFAX_Test" */;
			compatibilityVersion = "Xcode 9.3";
			developmentRegion = en;
			hasScannedForEncodings = 0;
			knownRegions = (
				en,
				Base,
			);
			mainGroup = BDEF913824EC3DE400AF8F49;
			productRefGroup = BDEF914224EC3DE400AF8F49 /* Products */;
			projectDirPath = "";
			projectRoot = "";
			targets = (
				BDEF914024EC3DE400AF8F49 /* CARFAX_Test */,
				BDEF915C24EC3EFE00AF8F49 /* Networking */,
			);
		};
/* End PBXProject section */

/* Begin PBXResourcesBuildPhase section */
		BDEF913F24EC3DE400AF8F49 /* Resources */ = {
			isa = PBXResourcesBuildPhase;
			buildActionMask = 2147483647;
			files = (
				BDEF915124EC3DE700AF8F49 /* LaunchScreen.storyboard in Resources */,
				BDEF914E24EC3DE700AF8F49 /* Assets.xcassets in Resources */,
				BDEF914C24EC3DE400AF8F49 /* Main.storyboard in Resources */,
			);
			runOnlyForDeploymentPostprocessing = 0;
		};
		BDEF915B24EC3EFE00AF8F49 /* Resources */ = {
			isa = PBXResourcesBuildPhase;
			buildActionMask = 2147483647;
			files = (
			);
			runOnlyForDeploymentPostprocessing = 0;
		};
/* End PBXResourcesBuildPhase section */

/* Begin PBXSourcesBuildPhase section */
		BDEF913D24EC3DE400AF8F49 /* Sources */ = {
			isa = PBXSourcesBuildPhase;
			buildActionMask = 2147483647;
			files = (
				BDEF919924EC628A00AF8F49 /* UIViewController+Extension.swift in Sources */,
				BDEF919324EC561600AF8F49 /* VehicleListViewModel.swift in Sources */,
				BDEF918E24EC4ECD00AF8F49 /* VehicleDetail.swift in Sources */,
				BDEF919F24EC638200AF8F49 /* UIFont+Extension.swift in Sources */,
				BDEF914924EC3DE400AF8F49 /* ListingsViewController.swift in Sources */,
				BDEF914524EC3DE400AF8F49 /* AppDelegate.swift in Sources */,
				BDEF919124EC529000AF8F49 /* DataDecoder.swift in Sources */,
				BDEF918624EC4B7F00AF8F49 /* APIManager.swift in Sources */,
				BDEF919D24EC62E800AF8F49 /* UIColor+Extension.swift in Sources */,
				BDEF914724EC3DE400AF8F49 /* SceneDelegate.swift in Sources */,
				BDEF918324EC4B3300AF8F49 /* ListingsApi.swift in Sources */,
				BDEF918924EC4C4800AF8F49 /* Data+Extension.swift in Sources */,
				BDEF919624EC5F3C00AF8F49 /* VehicleListCell.swift in Sources */,
				BDEF919B24EC62CA00AF8F49 /* LoadingViewController.swift in Sources */,
				BDEF918C24EC4E9600AF8F49 /* CarfaxList.swift in Sources */,
			);
			runOnlyForDeploymentPostprocessing = 0;
		};
		BDEF915924EC3EFE00AF8F49 /* Sources */ = {
			isa = PBXSourcesBuildPhase;
			buildActionMask = 2147483647;
			files = (
				BDEF917224EC42C600AF8F49 /* URLParameterEncoder.swift in Sources */,
				BDEF916C24EC3F8100AF8F49 /* Endpoint.swift in Sources */,
				BDEF917624EC436500AF8F49 /* JSONParameterEncoder.swift in Sources */,
				BDEF917424EC430700AF8F49 /* AppError.swift in Sources */,
				BDEF916E24EC415900AF8F49 /* NetworkRouter.swift in Sources */,
				BDEF917024EC424000AF8F49 /* CarfaxRouter.swift in Sources */,
			);
			runOnlyForDeploymentPostprocessing = 0;
		};
/* End PBXSourcesBuildPhase section */

/* Begin PBXTargetDependency section */
		BDEF916324EC3EFF00AF8F49 /* PBXTargetDependency */ = {
			isa = PBXTargetDependency;
			target = BDEF915C24EC3EFE00AF8F49 /* Networking */;
			targetProxy = BDEF916224EC3EFF00AF8F49 /* PBXContainerItemProxy */;
		};
/* End PBXTargetDependency section */

/* Begin PBXVariantGroup section */
		BDEF914A24EC3DE400AF8F49 /* Main.storyboard */ = {
			isa = PBXVariantGroup;
			children = (
				BDEF914B24EC3DE400AF8F49 /* Base */,
			);
			name = Main.storyboard;
			sourceTree = "<group>";
		};
		BDEF914F24EC3DE700AF8F49 /* LaunchScreen.storyboard */ = {
			isa = PBXVariantGroup;
			children = (
				BDEF915024EC3DE700AF8F49 /* Base */,
			);
			name = LaunchScreen.storyboard;
			sourceTree = "<group>";
		};
/* End PBXVariantGroup section */

/* Begin XCBuildConfiguration section */
		BDEF915324EC3DE700AF8F49 /* Debug */ = {
			isa = XCBuildConfiguration;
			buildSettings = {
				ALWAYS_SEARCH_USER_PATHS = NO;
				CLANG_ANALYZER_NONNULL = YES;
				CLANG_ANALYZER_NUMBER_OBJECT_CONVERSION = YES_AGGRESSIVE;
				CLANG_CXX_LANGUAGE_STANDARD = "gnu++14";
				CLANG_CXX_LIBRARY = "libc++";
				CLANG_ENABLE_MODULES = YES;
				CLANG_ENABLE_OBJC_ARC = YES;
				CLANG_ENABLE_OBJC_WEAK = YES;
				CLANG_WARN_BLOCK_CAPTURE_AUTORELEASING = YES;
				CLANG_WARN_BOOL_CONVERSION = YES;
				CLANG_WARN_COMMA = YES;
				CLANG_WARN_CONSTANT_CONVERSION = YES;
				CLANG_WARN_DEPRECATED_OBJC_IMPLEMENTATIONS = YES;
				CLANG_WARN_DIRECT_OBJC_ISA_USAGE = YES_ERROR;
				CLANG_WARN_DOCUMENTATION_COMMENTS = YES;
				CLANG_WARN_EMPTY_BODY = YES;
				CLANG_WARN_ENUM_CONVERSION = YES;
				CLANG_WARN_INFINITE_RECURSION = YES;
				CLANG_WARN_INT_CONVERSION = YES;
				CLANG_WARN_NON_LITERAL_NULL_CONVERSION = YES;
				CLANG_WARN_OBJC_IMPLICIT_RETAIN_SELF = YES;
				CLANG_WARN_OBJC_LITERAL_CONVERSION = YES;
				CLANG_WARN_OBJC_ROOT_CLASS = YES_ERROR;
				CLANG_WARN_RANGE_LOOP_ANALYSIS = YES;
				CLANG_WARN_STRICT_PROTOTYPES = YES;
				CLANG_WARN_SUSPICIOUS_MOVE = YES;
				CLANG_WARN_UNGUARDED_AVAILABILITY = YES_AGGRESSIVE;
				CLANG_WARN_UNREACHABLE_CODE = YES;
				CLANG_WARN__DUPLICATE_METHOD_MATCH = YES;
				COPY_PHASE_STRIP = NO;
				DEBUG_INFORMATION_FORMAT = dwarf;
				ENABLE_STRICT_OBJC_MSGSEND = YES;
				ENABLE_TESTABILITY = YES;
				GCC_C_LANGUAGE_STANDARD = gnu11;
				GCC_DYNAMIC_NO_PIC = NO;
				GCC_NO_COMMON_BLOCKS = YES;
				GCC_OPTIMIZATION_LEVEL = 0;
				GCC_PREPROCESSOR_DEFINITIONS = (
					"DEBUG=1",
					"$(inherited)",
				);
				GCC_WARN_64_TO_32_BIT_CONVERSION = YES;
				GCC_WARN_ABOUT_RETURN_TYPE = YES_ERROR;
				GCC_WARN_UNDECLARED_SELECTOR = YES;
				GCC_WARN_UNINITIALIZED_AUTOS = YES_AGGRESSIVE;
				GCC_WARN_UNUSED_FUNCTION = YES;
				GCC_WARN_UNUSED_VARIABLE = YES;
				IPHONEOS_DEPLOYMENT_TARGET = 13.6;
				MTL_ENABLE_DEBUG_INFO = INCLUDE_SOURCE;
				MTL_FAST_MATH = YES;
				ONLY_ACTIVE_ARCH = YES;
				SDKROOT = iphoneos;
				SWIFT_ACTIVE_COMPILATION_CONDITIONS = DEBUG;
				SWIFT_OPTIMIZATION_LEVEL = "-Onone";
			};
			name = Debug;
		};
		BDEF915424EC3DE700AF8F49 /* Release */ = {
			isa = XCBuildConfiguration;
			buildSettings = {
				ALWAYS_SEARCH_USER_PATHS = NO;
				CLANG_ANALYZER_NONNULL = YES;
				CLANG_ANALYZER_NUMBER_OBJECT_CONVERSION = YES_AGGRESSIVE;
				CLANG_CXX_LANGUAGE_STANDARD = "gnu++14";
				CLANG_CXX_LIBRARY = "libc++";
				CLANG_ENABLE_MODULES = YES;
				CLANG_ENABLE_OBJC_ARC = YES;
				CLANG_ENABLE_OBJC_WEAK = YES;
				CLANG_WARN_BLOCK_CAPTURE_AUTORELEASING = YES;
				CLANG_WARN_BOOL_CONVERSION = YES;
				CLANG_WARN_COMMA = YES;
				CLANG_WARN_CONSTANT_CONVERSION = YES;
				CLANG_WARN_DEPRECATED_OBJC_IMPLEMENTATIONS = YES;
				CLANG_WARN_DIRECT_OBJC_ISA_USAGE = YES_ERROR;
				CLANG_WARN_DOCUMENTATION_COMMENTS = YES;
				CLANG_WARN_EMPTY_BODY = YES;
				CLANG_WARN_ENUM_CONVERSION = YES;
				CLANG_WARN_INFINITE_RECURSION = YES;
				CLANG_WARN_INT_CONVERSION = YES;
				CLANG_WARN_NON_LITERAL_NULL_CONVERSION = YES;
				CLANG_WARN_OBJC_IMPLICIT_RETAIN_SELF = YES;
				CLANG_WARN_OBJC_LITERAL_CONVERSION = YES;
				CLANG_WARN_OBJC_ROOT_CLASS = YES_ERROR;
				CLANG_WARN_RANGE_LOOP_ANALYSIS = YES;
				CLANG_WARN_STRICT_PROTOTYPES = YES;
				CLANG_WARN_SUSPICIOUS_MOVE = YES;
				CLANG_WARN_UNGUARDED_AVAILABILITY = YES_AGGRESSIVE;
				CLANG_WARN_UNREACHABLE_CODE = YES;
				CLANG_WARN__DUPLICATE_METHOD_MATCH = YES;
				COPY_PHASE_STRIP = NO;
				DEBUG_INFORMATION_FORMAT = "dwarf-with-dsym";
				ENABLE_NS_ASSERTIONS = NO;
				ENABLE_STRICT_OBJC_MSGSEND = YES;
				GCC_C_LANGUAGE_STANDARD = gnu11;
				GCC_NO_COMMON_BLOCKS = YES;
				GCC_WARN_64_TO_32_BIT_CONVERSION = YES;
				GCC_WARN_ABOUT_RETURN_TYPE = YES_ERROR;
				GCC_WARN_UNDECLARED_SELECTOR = YES;
				GCC_WARN_UNINITIALIZED_AUTOS = YES_AGGRESSIVE;
				GCC_WARN_UNUSED_FUNCTION = YES;
				GCC_WARN_UNUSED_VARIABLE = YES;
				IPHONEOS_DEPLOYMENT_TARGET = 13.6;
				MTL_ENABLE_DEBUG_INFO = NO;
				MTL_FAST_MATH = YES;
				SDKROOT = iphoneos;
				SWIFT_COMPILATION_MODE = wholemodule;
				SWIFT_OPTIMIZATION_LEVEL = "-O";
				VALIDATE_PRODUCT = YES;
			};
			name = Release;
		};
		BDEF915624EC3DE700AF8F49 /* Debug */ = {
			isa = XCBuildConfiguration;
			buildSettings = {
				ALWAYS_EMBED_SWIFT_STANDARD_LIBRARIES = YES;
				ASSETCATALOG_COMPILER_APPICON_NAME = AppIcon;
				CODE_SIGN_STYLE = Automatic;
				DEVELOPMENT_TEAM = SFNG7GVEK8;
				INFOPLIST_FILE = CARFAX_Test/Info.plist;
				IPHONEOS_DEPLOYMENT_TARGET = 13.0;
				LD_RUNPATH_SEARCH_PATHS = (
					"$(inherited)",
					"@executable_path/Frameworks",
				);
				PRODUCT_BUNDLE_IDENTIFIER = "com.viswakodela.ca.CARFAX-Test";
				PRODUCT_NAME = "$(TARGET_NAME)";
				SWIFT_VERSION = 5.0;
				TARGETED_DEVICE_FAMILY = "1,2";
			};
			name = Debug;
		};
		BDEF915724EC3DE700AF8F49 /* Release */ = {
			isa = XCBuildConfiguration;
			buildSettings = {
				ALWAYS_EMBED_SWIFT_STANDARD_LIBRARIES = YES;
				ASSETCATALOG_COMPILER_APPICON_NAME = AppIcon;
				CODE_SIGN_STYLE = Automatic;
				DEVELOPMENT_TEAM = SFNG7GVEK8;
				INFOPLIST_FILE = CARFAX_Test/Info.plist;
				IPHONEOS_DEPLOYMENT_TARGET = 13.0;
				LD_RUNPATH_SEARCH_PATHS = (
					"$(inherited)",
					"@executable_path/Frameworks",
				);
				PRODUCT_BUNDLE_IDENTIFIER = "com.viswakodela.ca.CARFAX-Test";
				PRODUCT_NAME = "$(TARGET_NAME)";
				SWIFT_VERSION = 5.0;
				TARGETED_DEVICE_FAMILY = "1,2";
			};
			name = Release;
		};
		BDEF916724EC3EFF00AF8F49 /* Debug */ = {
			isa = XCBuildConfiguration;
			buildSettings = {
				CLANG_ENABLE_MODULES = YES;
				CODE_SIGN_STYLE = Automatic;
				CURRENT_PROJECT_VERSION = 1;
				DEFINES_MODULE = YES;
				DEVELOPMENT_TEAM = SFNG7GVEK8;
				DYLIB_COMPATIBILITY_VERSION = 1;
				DYLIB_CURRENT_VERSION = 1;
				DYLIB_INSTALL_NAME_BASE = "@rpath";
				INFOPLIST_FILE = Networking/Info.plist;
				INSTALL_PATH = "$(LOCAL_LIBRARY_DIR)/Frameworks";
				IPHONEOS_DEPLOYMENT_TARGET = 13.0;
				LD_RUNPATH_SEARCH_PATHS = (
					"$(inherited)",
					"@executable_path/Frameworks",
					"@loader_path/Frameworks",
				);
				PRODUCT_BUNDLE_IDENTIFIER = com.viswakodela.ca.Networking;
				PRODUCT_NAME = "$(TARGET_NAME:c99extidentifier)";
				SKIP_INSTALL = YES;
				SWIFT_OPTIMIZATION_LEVEL = "-Onone";
				SWIFT_VERSION = 5.0;
				TARGETED_DEVICE_FAMILY = "1,2";
				VERSIONING_SYSTEM = "apple-generic";
				VERSION_INFO_PREFIX = "";
			};
			name = Debug;
		};
		BDEF916824EC3EFF00AF8F49 /* Release */ = {
			isa = XCBuildConfiguration;
			buildSettings = {
				CLANG_ENABLE_MODULES = YES;
				CODE_SIGN_STYLE = Automatic;
				CURRENT_PROJECT_VERSION = 1;
				DEFINES_MODULE = YES;
				DEVELOPMENT_TEAM = SFNG7GVEK8;
				DYLIB_COMPATIBILITY_VERSION = 1;
				DYLIB_CURRENT_VERSION = 1;
				DYLIB_INSTALL_NAME_BASE = "@rpath";
				INFOPLIST_FILE = Networking/Info.plist;
				INSTALL_PATH = "$(LOCAL_LIBRARY_DIR)/Frameworks";
				IPHONEOS_DEPLOYMENT_TARGET = 13.0;
				LD_RUNPATH_SEARCH_PATHS = (
					"$(inherited)",
					"@executable_path/Frameworks",
					"@loader_path/Frameworks",
				);
				PRODUCT_BUNDLE_IDENTIFIER = com.viswakodela.ca.Networking;
				PRODUCT_NAME = "$(TARGET_NAME:c99extidentifier)";
				SKIP_INSTALL = YES;
				SWIFT_VERSION = 5.0;
				TARGETED_DEVICE_FAMILY = "1,2";
				VERSIONING_SYSTEM = "apple-generic";
				VERSION_INFO_PREFIX = "";
			};
			name = Release;
		};
/* End XCBuildConfiguration section */

/* Begin XCConfigurationList section */
		BDEF913C24EC3DE400AF8F49 /* Build configuration list for PBXProject "CARFAX_Test" */ = {
			isa = XCConfigurationList;
			buildConfigurations = (
				BDEF915324EC3DE700AF8F49 /* Debug */,
				BDEF915424EC3DE700AF8F49 /* Release */,
			);
			defaultConfigurationIsVisible = 0;
			defaultConfigurationName = Release;
		};
		BDEF915524EC3DE700AF8F49 /* Build configuration list for PBXNativeTarget "CARFAX_Test" */ = {
			isa = XCConfigurationList;
			buildConfigurations = (
				BDEF915624EC3DE700AF8F49 /* Debug */,
				BDEF915724EC3DE700AF8F49 /* Release */,
			);
			defaultConfigurationIsVisible = 0;
			defaultConfigurationName = Release;
		};
		BDEF916624EC3EFF00AF8F49 /* Build configuration list for PBXNativeTarget "Networking" */ = {
			isa = XCConfigurationList;
			buildConfigurations = (
				BDEF916724EC3EFF00AF8F49 /* Debug */,
				BDEF916824EC3EFF00AF8F49 /* Release */,
			);
			defaultConfigurationIsVisible = 0;
			defaultConfigurationName = Release;
		};
/* End XCConfigurationList section */
	};
	rootObject = BDEF913924EC3DE400AF8F49 /* Project object */;
}
